
Microsoft Visual Studio Solution File, Format Version 12.00
# Visual Studio Version 17
VisualStudioVersion = 17.0.32112.339
MinimumVisualStudioVersion = 10.0.40219.1
Project("{FAE04EC0-301F-11D3-BF4B-00C04F79EFBC}") = "Fibonacci", "Fibonacci\Fibonacci.csproj", "{AFD5CF59-1B99-43AD-8D6F-7D5156F97AB2}"
EndProject
Global
	GlobalSection(SolutionConfigurationPlatforms) = preSolution
		Debug|Any CPU = Debug|Any CPU
		Release|Any CPU = Release|Any CPU
	EndGlobalSection
	GlobalSection(ProjectConfigurationPlatforms) = postSolution
		{AFD5CF59-1B99-43AD-8D6F-7D5156F97AB2}.Debug|Any CPU.ActiveCfg = Debug|Any CPU
		{AFD5CF59-1B99-43AD-8D6F-7D5156F97AB2}.Debug|Any CPU.Build.0 = Debug|Any CPU
		{AFD5CF59-1B99-43AD-8D6F-7D5156F97AB2}.Release|Any CPU.ActiveCfg = Release|Any CPU
		{AFD5CF59-1B99-43AD-8D6F-7D5156F97AB2}.Release|Any CPU.Build.0 = Release|Any CPU
	EndGlobalSection
	GlobalSection(SolutionProperties) = preSolution
		HideSolutionNode = FALSE
	EndGlobalSection
	GlobalSection(ExtensibilityGlobals) = postSolution
		SolutionGuid = {97DED3D5-B89D-4EF1-B299-AD702CBEABAE}
	EndGlobalSection
EndGlobal
